
Microsoft Visual Studio Solution File, Format Version 12.00
# Visual Studio Version 17
VisualStudioVersion = 17.2.32616.157
MinimumVisualStudioVersion = 10.0.40219.1
Project("{FAE04EC0-301F-11D3-BF4B-00C04F79EFBC}") = "ConsoleApp3", "ConsoleApp3\ConsoleApp3.csproj", "{AECAE8B1-48A5-4E47-93BD-E6B7D43FF666}"
EndProject
Global
	GlobalSection(SolutionConfigurationPlatforms) = preSolution
		Debug|Any CPU = Debug|Any CPU
		Release|Any CPU = Release|Any CPU
	EndGlobalSection
	GlobalSection(ProjectConfigurationPlatforms) = postSolution
		{AECAE8B1-48A5-4E47-93BD-E6B7D43FF666}.Debug|Any CPU.ActiveCfg = Debug|Any CPU
		{AECAE8B1-48A5-4E47-93BD-E6B7D43FF666}.Debug|Any CPU.Build.0 = Debug|Any CPU
		{AECAE8B1-48A5-4E47-93BD-E6B7D43FF666}.Release|Any CPU.ActiveCfg = Release|Any CPU
		{AECAE8B1-48A5-4E47-93BD-E6B7D43FF666}.Release|Any CPU.Build.0 = Release|Any CPU
	EndGlobalSection
	GlobalSection(SolutionProperties) = preSolution
		HideSolutionNode = FALSE
	EndGlobalSection
	GlobalSection(ExtensibilityGlobals) = postSolution
		SolutionGuid = {30C8B8B9-65ED-4E2C-B6E9-09F2F0602115}
	EndGlobalSection
EndGlobal
